github.com/woodsmur/go-mod v1.0.0 h1:DMxa7hX7+4njOdRss7S4Dmf3GNtgLibcPhURppz3Bjo=
github.com/woodsmur/go-mod v1.0.0/go.mod h1:MKoh/4a4geyGEL9JG21G4X9pRi8i734jw2FNDfdiLeQ=
github.com/woodsmur/go-mod v1.0.1/go.mod h1:MKoh/4a4geyGEL9JG21G4X9pRi8i734jw2FNDfdiLeQ=
github.com/woodsmur/go-mod v1.0.2 h1:9LPwbomSl6yjVqSo87ePGEiNT/CE8SjKOlD0LaWVl+8=
github.com/woodsmur/go-mod v1.0.2/go.mod h1:MKoh/4a4geyGEL9JG21G4X9pRi8i734jw2FNDfdiLeQ=
github.com/woodsmur/go-mod/v2 v2.1.0 h1:7L0NcWMv60cOYBsPpWJirLMsMmZAi55MakgAO1NuWoc=
github.com/woodsmur/go-mod/v2 v2.1.0/go.mod h1:DzLzcc1zdw1iCJKVSsnutWBT11Tr3EkPPuAtW1xt78U=
